
Microsoft Visual Studio Solution File, Format Version 12.00
# Visual Studio Version 16
VisualStudioVersion = 16.0.29215.179
MinimumVisualStudioVersion = 10.0.40219.1
Project("{FAE04EC0-301F-11D3-BF4B-00C04F79EFBC}") = "StartProject", "src\StartProject\StartProject.csproj", "{8F6449AB-4560-40B1-835E-308F1534734C}"
EndProject
Project("{FAE04EC0-301F-11D3-BF4B-00C04F79EFBC}") = "MyApplication", "src\MyApplication\MyApplication.csproj", "{DF4730D4-5DB2-46A5-9F2B-C7B22E61268B}"
EndProject
Global
	GlobalSection(SolutionConfigurationPlatforms) = preSolution
		Debug|Any CPU = Debug|Any CPU
		Release|Any CPU = Release|Any CPU
	EndGlobalSection
	GlobalSection(ProjectConfigurationPlatforms) = postSolution
		{8F6449AB-4560-40B1-835E-308F1534734C}.Debug|Any CPU.ActiveCfg = Debug|Any CPU
		{8F6449AB-4560-40B1-835E-308F1534734C}.Debug|Any CPU.Build.0 = Debug|Any CPU
		{8F6449AB-4560-40B1-835E-308F1534734C}.Release|Any CPU.ActiveCfg = Release|Any CPU
		{8F6449AB-4560-40B1-835E-308F1534734C}.Release|Any CPU.Build.0 = Release|Any CPU
		{DF4730D4-5DB2-46A5-9F2B-C7B22E61268B}.Debug|Any CPU.ActiveCfg = Debug|Any CPU
		{DF4730D4-5DB2-46A5-9F2B-C7B22E61268B}.Debug|Any CPU.Build.0 = Debug|Any CPU
		{DF4730D4-5DB2-46A5-9F2B-C7B22E61268B}.Release|Any CPU.ActiveCfg = Release|Any CPU
		{DF4730D4-5DB2-46A5-9F2B-C7B22E61268B}.Release|Any CPU.Build.0 = Release|Any CPU
	EndGlobalSection
	GlobalSection(SolutionProperties) = preSolution
		HideSolutionNode = FALSE
	EndGlobalSection
	GlobalSection(ExtensibilityGlobals) = postSolution
		SolutionGuid = {3A74EE28-4BA6-4A6D-81BC-1D8866F13620}
	EndGlobalSection
EndGlobal
