
Microsoft Visual Studio Solution File, Format Version 12.00
# Visual Studio Version 17
VisualStudioVersion = 17.3.32901.215
MinimumVisualStudioVersion = 10.0.40219.1
Project("{9A19103F-16F7-4668-BE54-9A1E7A4F7556}") = "MyApplication.App", "src\MyApplication.App\MyApplication.App.csproj", "{8F6449AB-4560-40B1-835E-308F1534734C}"
EndProject
Project("{2150E333-8FDC-42A3-9474-1A3956D46DE8}") = "Shared", "Shared", "{1A406070-54A2-4468-92D1-5F7DB32F4560}"
	ProjectSection(SolutionItems) = preProject
		Directory.build.props = Directory.build.props
		Directory.Build.targets = Directory.Build.targets
		NuGet.Config = NuGet.Config
		README.md = README.md
	EndProjectSection
EndProject
Project("{9A19103F-16F7-4668-BE54-9A1E7A4F7556}") = "MyApplication", "src\MyApplication\MyApplication.csproj", "{1AB5A156-FF0D-45A0-B6A8-D3A91C1CAA17}"
EndProject
Project("{9A19103F-16F7-4668-BE54-9A1E7A4F7556}") = "MyApplication.Resources", "src\MyApplication.Resources\MyApplication.Resources.csproj", "{4EA76D0A-14A4-4B52-B847-BF6CEAEC4B0F}"
EndProject
Project("{2150E333-8FDC-42A3-9474-1A3956D46DE8}") = "Tests", "Tests", "{7237C0EF-5228-459E-8E31-B3D38F642F4D}"
EndProject
Project("{9A19103F-16F7-4668-BE54-9A1E7A4F7556}") = "MyApplication.Tests", "src\Tests\MyApplication.Tests\MyApplication.Tests.csproj", "{E2B04E94-41F7-48AB-B142-40D399FDFEE4}"
EndProject
Global
	GlobalSection(SolutionConfigurationPlatforms) = preSolution
		Debug|Any CPU = Debug|Any CPU
		Release|Any CPU = Release|Any CPU
	EndGlobalSection
	GlobalSection(ProjectConfigurationPlatforms) = postSolution
		{8F6449AB-4560-40B1-835E-308F1534734C}.Debug|Any CPU.ActiveCfg = Debug|Any CPU
		{8F6449AB-4560-40B1-835E-308F1534734C}.Debug|Any CPU.Build.0 = Debug|Any CPU
		{8F6449AB-4560-40B1-835E-308F1534734C}.Release|Any CPU.ActiveCfg = Release|Any CPU
		{8F6449AB-4560-40B1-835E-308F1534734C}.Release|Any CPU.Build.0 = Release|Any CPU
		{1AB5A156-FF0D-45A0-B6A8-D3A91C1CAA17}.Debug|Any CPU.ActiveCfg = Debug|Any CPU
		{1AB5A156-FF0D-45A0-B6A8-D3A91C1CAA17}.Debug|Any CPU.Build.0 = Debug|Any CPU
		{1AB5A156-FF0D-45A0-B6A8-D3A91C1CAA17}.Release|Any CPU.ActiveCfg = Release|Any CPU
		{1AB5A156-FF0D-45A0-B6A8-D3A91C1CAA17}.Release|Any CPU.Build.0 = Release|Any CPU
		{4EA76D0A-14A4-4B52-B847-BF6CEAEC4B0F}.Debug|Any CPU.ActiveCfg = Debug|Any CPU
		{4EA76D0A-14A4-4B52-B847-BF6CEAEC4B0F}.Debug|Any CPU.Build.0 = Debug|Any CPU
		{4EA76D0A-14A4-4B52-B847-BF6CEAEC4B0F}.Release|Any CPU.ActiveCfg = Release|Any CPU
		{4EA76D0A-14A4-4B52-B847-BF6CEAEC4B0F}.Release|Any CPU.Build.0 = Release|Any CPU
		{E2B04E94-41F7-48AB-B142-40D399FDFEE4}.Debug|Any CPU.ActiveCfg = Debug|Any CPU
		{E2B04E94-41F7-48AB-B142-40D399FDFEE4}.Debug|Any CPU.Build.0 = Debug|Any CPU
		{E2B04E94-41F7-48AB-B142-40D399FDFEE4}.Release|Any CPU.ActiveCfg = Release|Any CPU
		{E2B04E94-41F7-48AB-B142-40D399FDFEE4}.Release|Any CPU.Build.0 = Release|Any CPU
	EndGlobalSection
	GlobalSection(SolutionProperties) = preSolution
		HideSolutionNode = FALSE
	EndGlobalSection
	GlobalSection(NestedProjects) = preSolution
		{E2B04E94-41F7-48AB-B142-40D399FDFEE4} = {7237C0EF-5228-459E-8E31-B3D38F642F4D}
	EndGlobalSection
	GlobalSection(ExtensibilityGlobals) = postSolution
		SolutionGuid = {3A74EE28-4BA6-4A6D-81BC-1D8866F13620}
	EndGlobalSection
EndGlobal
