<Solution>
  <Folder Name="/Shared/">
    <File Path=".editorconfig" />
    <File Path=".moryxtpl" />
    <File Path="Directory.Build.props" />
    <File Path="Directory.Packages.props" />
    <File Path="NuGet.Config" />
    <File Path="README.md" />
  </Folder>
  <Folder Name="/Tests/">
    <Project Path="src/Tests/MyApplication.Tests/MyApplication.Tests.csproj" />
  </Folder>
  <Project Path="src/MyApplication.App/MyApplication.App.csproj" />
  <Project Path="src/MyApplication.ControlSystem/MyApplication.ControlSystem.csproj" />
  <Project Path="src/MyApplication.Orders/MyApplication.Orders.csproj" />
  <Project Path="src/MyApplication.Products/MyApplication.Products.csproj" />
  <Project Path="src/MyApplication.Resources/MyApplication.Resources.csproj" />
  <Project Path="src/MyApplication/MyApplication.csproj" />
</Solution>
